
Microsoft Visual Studio Solution File, Format Version 12.00
# Visual Studio 14
VisualStudioVersion = 14.0.25420.1
MinimumVisualStudioVersion = 10.0.40219.1
Project("{2150E333-8FDC-42A3-9474-1A3956D46DE8}") = "Solution Items", "Solution Items", "{EA28F140-4566-47F8-9C37-19AE15951568}"
	ProjectSection(SolutionItems) = preProject
		.gitignore = .gitignore
		..\..\README.md = ..\..\README.md
	EndProjectSection
EndProject
Project("{8BC9CEB8-8B4A-11D0-8D11-00A0C91BC942}") = "01HelloWindows", "01HelloWindows\01HelloWindows.vcxproj", "{D4FBFC6C-544C-4057-87E3-09A9D4205381}"
EndProject
Project("{8BC9CEB8-8B4A-11D0-8D11-00A0C91BC942}") = "02MessageLoop", "02MessageLoop\02MessageLoop.vcxproj", "{C46984DC-4E16-40BC-9D2F-ED5A459C9F11}"
EndProject
Project("{8BC9CEB8-8B4A-11D0-8D11-00A0C91BC942}") = "03TextScroll", "03TextScroll\03TextScroll.vcxproj", "{CEF36DD5-0232-420B-B943-11CB3CBB1591}"
EndProject
Project("{8BC9CEB8-8B4A-11D0-8D11-00A0C91BC942}") = "04BasicDrawing", "04BasicDrawing\04BasicDrawing.vcxproj", "{8461E7AF-35E4-452D-B6FB-498B0D02656B}"
EndProject
Project("{8BC9CEB8-8B4A-11D0-8D11-00A0C91BC942}") = "05Keyboard", "05Keyboard\05Keyboard.vcxproj", "{DA9C7F4C-97E0-4A08-B67F-77B7560927BC}"
EndProject
Project("{8BC9CEB8-8B4A-11D0-8D11-00A0C91BC942}") = "06Mouse", "06Mouse\06Mouse.vcxproj", "{47DFFD78-7026-4D0D-9EC6-B910E66904CB}"
EndProject
Project("{8BC9CEB8-8B4A-11D0-8D11-00A0C91BC942}") = "07Timer", "07Timer\07Timer.vcxproj", "{915DF309-C8F9-45D6-83A4-0C0C76699382}"
EndProject
Project("{8BC9CEB8-8B4A-11D0-8D11-00A0C91BC942}") = "08Children", "08Children\08Children.vcxproj", "{A95C311E-9906-4ECA-82E4-9135448B303B}"
EndProject
Project("{8BC9CEB8-8B4A-11D0-8D11-00A0C91BC942}") = "09Menu", "09Menu\09Menu.vcxproj", "{C20D1856-4171-4B24-B279-A662CA47CC5E}"
EndProject
Project("{8BC9CEB8-8B4A-11D0-8D11-00A0C91BC942}") = "10Dialog", "10Dialog\10Dialog.vcxproj", "{C30C2D6F-FB7C-455E-B932-C8D05D07A40B}"
EndProject
Global
	GlobalSection(SolutionConfigurationPlatforms) = preSolution
		Debug|x64 = Debug|x64
		Debug|x86 = Debug|x86
		Release|x64 = Release|x64
		Release|x86 = Release|x86
	EndGlobalSection
	GlobalSection(ProjectConfigurationPlatforms) = postSolution
		{D4FBFC6C-544C-4057-87E3-09A9D4205381}.Debug|x64.ActiveCfg = Debug|x64
		{D4FBFC6C-544C-4057-87E3-09A9D4205381}.Debug|x64.Build.0 = Debug|x64
		{D4FBFC6C-544C-4057-87E3-09A9D4205381}.Debug|x86.ActiveCfg = Debug|Win32
		{D4FBFC6C-544C-4057-87E3-09A9D4205381}.Debug|x86.Build.0 = Debug|Win32
		{D4FBFC6C-544C-4057-87E3-09A9D4205381}.Release|x64.ActiveCfg = Release|x64
		{D4FBFC6C-544C-4057-87E3-09A9D4205381}.Release|x64.Build.0 = Release|x64
		{D4FBFC6C-544C-4057-87E3-09A9D4205381}.Release|x86.ActiveCfg = Release|Win32
		{D4FBFC6C-544C-4057-87E3-09A9D4205381}.Release|x86.Build.0 = Release|Win32
		{C46984DC-4E16-40BC-9D2F-ED5A459C9F11}.Debug|x64.ActiveCfg = Debug|x64
		{C46984DC-4E16-40BC-9D2F-ED5A459C9F11}.Debug|x64.Build.0 = Debug|x64
		{C46984DC-4E16-40BC-9D2F-ED5A459C9F11}.Debug|x86.ActiveCfg = Debug|Win32
		{C46984DC-4E16-40BC-9D2F-ED5A459C9F11}.Debug|x86.Build.0 = Debug|Win32
		{C46984DC-4E16-40BC-9D2F-ED5A459C9F11}.Release|x64.ActiveCfg = Release|x64
		{C46984DC-4E16-40BC-9D2F-ED5A459C9F11}.Release|x64.Build.0 = Release|x64
		{C46984DC-4E16-40BC-9D2F-ED5A459C9F11}.Release|x86.ActiveCfg = Release|Win32
		{C46984DC-4E16-40BC-9D2F-ED5A459C9F11}.Release|x86.Build.0 = Release|Win32
		{CEF36DD5-0232-420B-B943-11CB3CBB1591}.Debug|x64.ActiveCfg = Debug|x64
		{CEF36DD5-0232-420B-B943-11CB3CBB1591}.Debug|x64.Build.0 = Debug|x64
		{CEF36DD5-0232-420B-B943-11CB3CBB1591}.Debug|x86.ActiveCfg = Debug|Win32
		{CEF36DD5-0232-420B-B943-11CB3CBB1591}.Debug|x86.Build.0 = Debug|Win32
		{CEF36DD5-0232-420B-B943-11CB3CBB1591}.Release|x64.ActiveCfg = Release|x64
		{CEF36DD5-0232-420B-B943-11CB3CBB1591}.Release|x64.Build.0 = Release|x64
		{CEF36DD5-0232-420B-B943-11CB3CBB1591}.Release|x86.ActiveCfg = Release|Win32
		{CEF36DD5-0232-420B-B943-11CB3CBB1591}.Release|x86.Build.0 = Release|Win32
		{8461E7AF-35E4-452D-B6FB-498B0D02656B}.Debug|x64.ActiveCfg = Debug|x64
		{8461E7AF-35E4-452D-B6FB-498B0D02656B}.Debug|x64.Build.0 = Debug|x64
		{8461E7AF-35E4-452D-B6FB-498B0D02656B}.Debug|x86.ActiveCfg = Debug|Win32
		{8461E7AF-35E4-452D-B6FB-498B0D02656B}.Debug|x86.Build.0 = Debug|Win32
		{8461E7AF-35E4-452D-B6FB-498B0D02656B}.Release|x64.ActiveCfg = Release|x64
		{8461E7AF-35E4-452D-B6FB-498B0D02656B}.Release|x64.Build.0 = Release|x64
		{8461E7AF-35E4-452D-B6FB-498B0D02656B}.Release|x86.ActiveCfg = Release|Win32
		{8461E7AF-35E4-452D-B6FB-498B0D02656B}.Release|x86.Build.0 = Release|Win32
		{DA9C7F4C-97E0-4A08-B67F-77B7560927BC}.Debug|x64.ActiveCfg = Debug|x64
		{DA9C7F4C-97E0-4A08-B67F-77B7560927BC}.Debug|x64.Build.0 = Debug|x64
		{DA9C7F4C-97E0-4A08-B67F-77B7560927BC}.Debug|x86.ActiveCfg = Debug|Win32
		{DA9C7F4C-97E0-4A08-B67F-77B7560927BC}.Debug|x86.Build.0 = Debug|Win32
		{DA9C7F4C-97E0-4A08-B67F-77B7560927BC}.Release|x64.ActiveCfg = Release|x64
		{DA9C7F4C-97E0-4A08-B67F-77B7560927BC}.Release|x64.Build.0 = Release|x64
		{DA9C7F4C-97E0-4A08-B67F-77B7560927BC}.Release|x86.ActiveCfg = Release|Win32
		{DA9C7F4C-97E0-4A08-B67F-77B7560927BC}.Release|x86.Build.0 = Release|Win32
		{47DFFD78-7026-4D0D-9EC6-B910E66904CB}.Debug|x64.ActiveCfg = Debug|x64
		{47DFFD78-7026-4D0D-9EC6-B910E66904CB}.Debug|x64.Build.0 = Debug|x64
		{47DFFD78-7026-4D0D-9EC6-B910E66904CB}.Debug|x86.ActiveCfg = Debug|Win32
		{47DFFD78-7026-4D0D-9EC6-B910E66904CB}.Debug|x86.Build.0 = Debug|Win32
		{47DFFD78-7026-4D0D-9EC6-B910E66904CB}.Release|x64.ActiveCfg = Release|x64
		{47DFFD78-7026-4D0D-9EC6-B910E66904CB}.Release|x64.Build.0 = Release|x64
		{47DFFD78-7026-4D0D-9EC6-B910E66904CB}.Release|x86.ActiveCfg = Release|Win32
		{47DFFD78-7026-4D0D-9EC6-B910E66904CB}.Release|x86.Build.0 = Release|Win32
		{915DF309-C8F9-45D6-83A4-0C0C76699382}.Debug|x64.ActiveCfg = Debug|x64
		{915DF309-C8F9-45D6-83A4-0C0C76699382}.Debug|x64.Build.0 = Debug|x64
		{915DF309-C8F9-45D6-83A4-0C0C76699382}.Debug|x86.ActiveCfg = Debug|Win32
		{915DF309-C8F9-45D6-83A4-0C0C76699382}.Debug|x86.Build.0 = Debug|Win32
		{915DF309-C8F9-45D6-83A4-0C0C76699382}.Release|x64.ActiveCfg = Release|x64
		{915DF309-C8F9-45D6-83A4-0C0C76699382}.Release|x64.Build.0 = Release|x64
		{915DF309-C8F9-45D6-83A4-0C0C76699382}.Release|x86.ActiveCfg = Release|Win32
		{915DF309-C8F9-45D6-83A4-0C0C76699382}.Release|x86.Build.0 = Release|Win32
		{A95C311E-9906-4ECA-82E4-9135448B303B}.Debug|x64.ActiveCfg = Debug|x64
		{A95C311E-9906-4ECA-82E4-9135448B303B}.Debug|x64.Build.0 = Debug|x64
		{A95C311E-9906-4ECA-82E4-9135448B303B}.Debug|x86.ActiveCfg = Debug|Win32
		{A95C311E-9906-4ECA-82E4-9135448B303B}.Debug|x86.Build.0 = Debug|Win32
		{A95C311E-9906-4ECA-82E4-9135448B303B}.Release|x64.ActiveCfg = Release|x64
		{A95C311E-9906-4ECA-82E4-9135448B303B}.Release|x64.Build.0 = Release|x64
		{A95C311E-9906-4ECA-82E4-9135448B303B}.Release|x86.ActiveCfg = Release|Win32
		{A95C311E-9906-4ECA-82E4-9135448B303B}.Release|x86.Build.0 = Release|Win32
		{C20D1856-4171-4B24-B279-A662CA47CC5E}.Debug|x64.ActiveCfg = Debug|x64
		{C20D1856-4171-4B24-B279-A662CA47CC5E}.Debug|x64.Build.0 = Debug|x64
		{C20D1856-4171-4B24-B279-A662CA47CC5E}.Debug|x86.ActiveCfg = Debug|Win32
		{C20D1856-4171-4B24-B279-A662CA47CC5E}.Debug|x86.Build.0 = Debug|Win32
		{C20D1856-4171-4B24-B279-A662CA47CC5E}.Release|x64.ActiveCfg = Release|x64
		{C20D1856-4171-4B24-B279-A662CA47CC5E}.Release|x64.Build.0 = Release|x64
		{C20D1856-4171-4B24-B279-A662CA47CC5E}.Release|x86.ActiveCfg = Release|Win32
		{C20D1856-4171-4B24-B279-A662CA47CC5E}.Release|x86.Build.0 = Release|Win32
		{C30C2D6F-FB7C-455E-B932-C8D05D07A40B}.Debug|x64.ActiveCfg = Debug|x64
		{C30C2D6F-FB7C-455E-B932-C8D05D07A40B}.Debug|x64.Build.0 = Debug|x64
		{C30C2D6F-FB7C-455E-B932-C8D05D07A40B}.Debug|x86.ActiveCfg = Debug|Win32
		{C30C2D6F-FB7C-455E-B932-C8D05D07A40B}.Debug|x86.Build.0 = Debug|Win32
		{C30C2D6F-FB7C-455E-B932-C8D05D07A40B}.Release|x64.ActiveCfg = Release|x64
		{C30C2D6F-FB7C-455E-B932-C8D05D07A40B}.Release|x64.Build.0 = Release|x64
		{C30C2D6F-FB7C-455E-B932-C8D05D07A40B}.Release|x86.ActiveCfg = Release|Win32
		{C30C2D6F-FB7C-455E-B932-C8D05D07A40B}.Release|x86.Build.0 = Release|Win32
	EndGlobalSection
	GlobalSection(SolutionProperties) = preSolution
		HideSolutionNode = FALSE
	EndGlobalSection
EndGlobal
